
Microsoft Visual Studio Solution File, Format Version 12.00
# Visual Studio Version 17
VisualStudioVersion = 17.6.33829.357
MinimumVisualStudioVersion = 10.0.40219.1
Project("{FAE04EC0-301F-11D3-BF4B-00C04F79EFBC}") = "Ucus_Rezervasyon_Sistemi", "Ucus_Rezervasyon_Sistemi\Ucus_Rezervasyon_Sistemi.csproj", "{DC738387-54CB-4920-A190-94A2E9A98510}"
EndProject
Global
	GlobalSection(SolutionConfigurationPlatforms) = preSolution
		Debug|Any CPU = Debug|Any CPU
		Release|Any CPU = Release|Any CPU
	EndGlobalSection
	GlobalSection(ProjectConfigurationPlatforms) = postSolution
		{DC738387-54CB-4920-A190-94A2E9A98510}.Debug|Any CPU.ActiveCfg = Debug|Any CPU
		{DC738387-54CB-4920-A190-94A2E9A98510}.Debug|Any CPU.Build.0 = Debug|Any CPU
		{DC738387-54CB-4920-A190-94A2E9A98510}.Release|Any CPU.ActiveCfg = Release|Any CPU
		{DC738387-54CB-4920-A190-94A2E9A98510}.Release|Any CPU.Build.0 = Release|Any CPU
	EndGlobalSection
	GlobalSection(SolutionProperties) = preSolution
		HideSolutionNode = FALSE
	EndGlobalSection
	GlobalSection(ExtensibilityGlobals) = postSolution
		SolutionGuid = {6F646B3F-7ABF-42CE-96CD-7F755B003761}
	EndGlobalSection
EndGlobal
